
Microsoft Visual Studio Solution File, Format Version 12.00
# Visual Studio Version 16
VisualStudioVersion = 16.0.31402.337
MinimumVisualStudioVersion = 10.0.40219.1
Project("{FAE04EC0-301F-11D3-BF4B-00C04F79EFBC}") = "HW_Extension", "HW_Extension\HW_Extension.csproj", "{EC442B8F-3933-4F9C-92C5-175C2385D5F9}"
EndProject
Global
	GlobalSection(SolutionConfigurationPlatforms) = preSolution
		Debug|Any CPU = Debug|Any CPU
		Release|Any CPU = Release|Any CPU
	EndGlobalSection
	GlobalSection(ProjectConfigurationPlatforms) = postSolution
		{EC442B8F-3933-4F9C-92C5-175C2385D5F9}.Debug|Any CPU.ActiveCfg = Debug|Any CPU
		{EC442B8F-3933-4F9C-92C5-175C2385D5F9}.Debug|Any CPU.Build.0 = Debug|Any CPU
		{EC442B8F-3933-4F9C-92C5-175C2385D5F9}.Release|Any CPU.ActiveCfg = Release|Any CPU
		{EC442B8F-3933-4F9C-92C5-175C2385D5F9}.Release|Any CPU.Build.0 = Release|Any CPU
	EndGlobalSection
	GlobalSection(SolutionProperties) = preSolution
		HideSolutionNode = FALSE
	EndGlobalSection
	GlobalSection(ExtensibilityGlobals) = postSolution
		SolutionGuid = {9E8D4FBF-328F-4A7B-92FF-7399CFF28A76}
	EndGlobalSection
EndGlobal
